
Microsoft Visual Studio Solution File, Format Version 12.00
# Visual Studio Version 17
VisualStudioVersion = 17.6.33723.286
MinimumVisualStudioVersion = 10.0.40219.1
Project("{FAE04EC0-301F-11D3-BF4B-00C04F79EFBC}") = "THcode", "THcode\THcode.csproj", "{93B79E58-2904-4CE6-8F58-F06434C0A45A}"
EndProject
Global
	GlobalSection(SolutionConfigurationPlatforms) = preSolution
		Debug|Any CPU = Debug|Any CPU
		Release|Any CPU = Release|Any CPU
	EndGlobalSection
	GlobalSection(ProjectConfigurationPlatforms) = postSolution
		{93B79E58-2904-4CE6-8F58-F06434C0A45A}.Debug|Any CPU.ActiveCfg = Debug|Any CPU
		{93B79E58-2904-4CE6-8F58-F06434C0A45A}.Debug|Any CPU.Build.0 = Debug|Any CPU
		{93B79E58-2904-4CE6-8F58-F06434C0A45A}.Release|Any CPU.ActiveCfg = Release|Any CPU
		{93B79E58-2904-4CE6-8F58-F06434C0A45A}.Release|Any CPU.Build.0 = Release|Any CPU
	EndGlobalSection
	GlobalSection(SolutionProperties) = preSolution
		HideSolutionNode = FALSE
	EndGlobalSection
	GlobalSection(ExtensibilityGlobals) = postSolution
		SolutionGuid = {636398C9-EF7B-4236-BDE7-D57F302D5D39}
	EndGlobalSection
EndGlobal
